
Microsoft Visual Studio Solution File, Format Version 12.00
# Visual Studio Version 16
VisualStudioVersion = 16.0.31605.320
MinimumVisualStudioVersion = 10.0.40219.1
Project("{9A19103F-16F7-4668-BE54-9A1E7A4F7556}") = "ClearScript", "ClearScript\ClearScript.csproj", "{C7E64A36-F683-48CF-A758-27AB0486F201}"
EndProject
Project("{9A19103F-16F7-4668-BE54-9A1E7A4F7556}") = "Grpc", "Grpc\Grpc.csproj", "{3A4F1B55-7DE8-4610-9596-5944449DDACC}"
EndProject
Project("{2150E333-8FDC-42A3-9474-1A3956D46DE8}") = "Solution Items", "Solution Items", "{1109264E-E2A7-46D4-86EA-C8806B26E83D}"
	ProjectSection(SolutionItems) = preProject
		ReadMe.txt = ReadMe.txt
	EndProjectSection
EndProject
Project("{9A19103F-16F7-4668-BE54-9A1E7A4F7556}") = "HtmlAgilityPack.Core", "HtmlAgilityPack.Core\HtmlAgilityPack.Core.csproj", "{EC0C01B2-1305-4174-B8A9-CDB4DA9F584C}"
EndProject
Project("{9A19103F-16F7-4668-BE54-9A1E7A4F7556}") = "Redis", "Redis\Redis.csproj", "{F0959516-9FA6-44B9-96F2-1C5B88FEAF37}"
EndProject
Project("{2150E333-8FDC-42A3-9474-1A3956D46DE8}") = "Lib", "Lib", "{0C14050E-20D1-4A63-B9A9-95752258E419}"
EndProject
Project("{9A19103F-16F7-4668-BE54-9A1E7A4F7556}") = "TTCore.WebPImage", "TTCore.WebPImage\TTCore.WebPImage.csproj", "{F3A2BB81-9E3F-4460-87FD-19EB6FA036C8}"
EndProject
Project("{9A19103F-16F7-4668-BE54-9A1E7A4F7556}") = "WebP", "WebP\WebP.csproj", "{8E5AB9D8-41B1-4D33-AEB4-F425AA8C76AF}"
EndProject
Project("{9A19103F-16F7-4668-BE54-9A1E7A4F7556}") = "CURL", "CURL\CURL.csproj", "{2DBC94AE-140F-42BA-833F-2CB637C755C2}"
EndProject
Project("{9A19103F-16F7-4668-BE54-9A1E7A4F7556}") = "DinkToPdf", "DinkToPdf\DinkToPdf.csproj", "{0D53507B-C7AD-4340-8652-A97533A3AF43}"
EndProject
Project("{9A19103F-16F7-4668-BE54-9A1E7A4F7556}") = "PDF2Image", "PDF2Image\PDF2Image.csproj", "{D2672BE8-EC2B-4638-A7E8-69545F9D35CA}"
EndProject
Project("{FAE04EC0-301F-11D3-BF4B-00C04F79EFBC}") = "PDF2Image.FormPushUpload", "PDF2Image.FormPushUpload\PDF2Image.FormPushUpload.csproj", "{99BCA2B9-8B0A-470C-BD75-6C040F1BC059}"
EndProject
Global
	GlobalSection(SolutionConfigurationPlatforms) = preSolution
		Debug|Any CPU = Debug|Any CPU
		Debug|x86 = Debug|x86
		Release|Any CPU = Release|Any CPU
		Release|x86 = Release|x86
	EndGlobalSection
	GlobalSection(ProjectConfigurationPlatforms) = postSolution
		{C7E64A36-F683-48CF-A758-27AB0486F201}.Debug|Any CPU.ActiveCfg = Debug|Any CPU
		{C7E64A36-F683-48CF-A758-27AB0486F201}.Debug|Any CPU.Build.0 = Debug|Any CPU
		{C7E64A36-F683-48CF-A758-27AB0486F201}.Debug|x86.ActiveCfg = Debug|Any CPU
		{C7E64A36-F683-48CF-A758-27AB0486F201}.Debug|x86.Build.0 = Debug|Any CPU
		{C7E64A36-F683-48CF-A758-27AB0486F201}.Release|Any CPU.ActiveCfg = Release|Any CPU
		{C7E64A36-F683-48CF-A758-27AB0486F201}.Release|Any CPU.Build.0 = Release|Any CPU
		{C7E64A36-F683-48CF-A758-27AB0486F201}.Release|x86.ActiveCfg = Release|Any CPU
		{C7E64A36-F683-48CF-A758-27AB0486F201}.Release|x86.Build.0 = Release|Any CPU
		{3A4F1B55-7DE8-4610-9596-5944449DDACC}.Debug|Any CPU.ActiveCfg = Debug|Any CPU
		{3A4F1B55-7DE8-4610-9596-5944449DDACC}.Debug|Any CPU.Build.0 = Debug|Any CPU
		{3A4F1B55-7DE8-4610-9596-5944449DDACC}.Debug|x86.ActiveCfg = Debug|Any CPU
		{3A4F1B55-7DE8-4610-9596-5944449DDACC}.Debug|x86.Build.0 = Debug|Any CPU
		{3A4F1B55-7DE8-4610-9596-5944449DDACC}.Release|Any CPU.ActiveCfg = Release|Any CPU
		{3A4F1B55-7DE8-4610-9596-5944449DDACC}.Release|Any CPU.Build.0 = Release|Any CPU
		{3A4F1B55-7DE8-4610-9596-5944449DDACC}.Release|x86.ActiveCfg = Release|Any CPU
		{3A4F1B55-7DE8-4610-9596-5944449DDACC}.Release|x86.Build.0 = Release|Any CPU
		{EC0C01B2-1305-4174-B8A9-CDB4DA9F584C}.Debug|Any CPU.ActiveCfg = Debug|Any CPU
		{EC0C01B2-1305-4174-B8A9-CDB4DA9F584C}.Debug|Any CPU.Build.0 = Debug|Any CPU
		{EC0C01B2-1305-4174-B8A9-CDB4DA9F584C}.Debug|x86.ActiveCfg = Debug|Any CPU
		{EC0C01B2-1305-4174-B8A9-CDB4DA9F584C}.Debug|x86.Build.0 = Debug|Any CPU
		{EC0C01B2-1305-4174-B8A9-CDB4DA9F584C}.Release|Any CPU.ActiveCfg = Release|Any CPU
		{EC0C01B2-1305-4174-B8A9-CDB4DA9F584C}.Release|Any CPU.Build.0 = Release|Any CPU
		{EC0C01B2-1305-4174-B8A9-CDB4DA9F584C}.Release|x86.ActiveCfg = Release|Any CPU
		{EC0C01B2-1305-4174-B8A9-CDB4DA9F584C}.Release|x86.Build.0 = Release|Any CPU
		{F0959516-9FA6-44B9-96F2-1C5B88FEAF37}.Debug|Any CPU.ActiveCfg = Debug|Any CPU
		{F0959516-9FA6-44B9-96F2-1C5B88FEAF37}.Debug|Any CPU.Build.0 = Debug|Any CPU
		{F0959516-9FA6-44B9-96F2-1C5B88FEAF37}.Debug|x86.ActiveCfg = Debug|Any CPU
		{F0959516-9FA6-44B9-96F2-1C5B88FEAF37}.Debug|x86.Build.0 = Debug|Any CPU
		{F0959516-9FA6-44B9-96F2-1C5B88FEAF37}.Release|Any CPU.ActiveCfg = Release|Any CPU
		{F0959516-9FA6-44B9-96F2-1C5B88FEAF37}.Release|Any CPU.Build.0 = Release|Any CPU
		{F0959516-9FA6-44B9-96F2-1C5B88FEAF37}.Release|x86.ActiveCfg = Release|Any CPU
		{F0959516-9FA6-44B9-96F2-1C5B88FEAF37}.Release|x86.Build.0 = Release|Any CPU
		{F3A2BB81-9E3F-4460-87FD-19EB6FA036C8}.Debug|Any CPU.ActiveCfg = Debug|Any CPU
		{F3A2BB81-9E3F-4460-87FD-19EB6FA036C8}.Debug|Any CPU.Build.0 = Debug|Any CPU
		{F3A2BB81-9E3F-4460-87FD-19EB6FA036C8}.Debug|x86.ActiveCfg = Debug|Any CPU
		{F3A2BB81-9E3F-4460-87FD-19EB6FA036C8}.Debug|x86.Build.0 = Debug|Any CPU
		{F3A2BB81-9E3F-4460-87FD-19EB6FA036C8}.Release|Any CPU.ActiveCfg = Release|Any CPU
		{F3A2BB81-9E3F-4460-87FD-19EB6FA036C8}.Release|Any CPU.Build.0 = Release|Any CPU
		{F3A2BB81-9E3F-4460-87FD-19EB6FA036C8}.Release|x86.ActiveCfg = Release|Any CPU
		{F3A2BB81-9E3F-4460-87FD-19EB6FA036C8}.Release|x86.Build.0 = Release|Any CPU
		{8E5AB9D8-41B1-4D33-AEB4-F425AA8C76AF}.Debug|Any CPU.ActiveCfg = Debug|Any CPU
		{8E5AB9D8-41B1-4D33-AEB4-F425AA8C76AF}.Debug|Any CPU.Build.0 = Debug|Any CPU
		{8E5AB9D8-41B1-4D33-AEB4-F425AA8C76AF}.Debug|x86.ActiveCfg = Debug|Any CPU
		{8E5AB9D8-41B1-4D33-AEB4-F425AA8C76AF}.Debug|x86.Build.0 = Debug|Any CPU
		{8E5AB9D8-41B1-4D33-AEB4-F425AA8C76AF}.Release|Any CPU.ActiveCfg = Release|Any CPU
		{8E5AB9D8-41B1-4D33-AEB4-F425AA8C76AF}.Release|Any CPU.Build.0 = Release|Any CPU
		{8E5AB9D8-41B1-4D33-AEB4-F425AA8C76AF}.Release|x86.ActiveCfg = Release|Any CPU
		{8E5AB9D8-41B1-4D33-AEB4-F425AA8C76AF}.Release|x86.Build.0 = Release|Any CPU
		{2DBC94AE-140F-42BA-833F-2CB637C755C2}.Debug|Any CPU.ActiveCfg = Debug|Any CPU
		{2DBC94AE-140F-42BA-833F-2CB637C755C2}.Debug|Any CPU.Build.0 = Debug|Any CPU
		{2DBC94AE-140F-42BA-833F-2CB637C755C2}.Debug|x86.ActiveCfg = Debug|Any CPU
		{2DBC94AE-140F-42BA-833F-2CB637C755C2}.Debug|x86.Build.0 = Debug|Any CPU
		{2DBC94AE-140F-42BA-833F-2CB637C755C2}.Release|Any CPU.ActiveCfg = Release|Any CPU
		{2DBC94AE-140F-42BA-833F-2CB637C755C2}.Release|Any CPU.Build.0 = Release|Any CPU
		{2DBC94AE-140F-42BA-833F-2CB637C755C2}.Release|x86.ActiveCfg = Release|Any CPU
		{2DBC94AE-140F-42BA-833F-2CB637C755C2}.Release|x86.Build.0 = Release|Any CPU
		{0D53507B-C7AD-4340-8652-A97533A3AF43}.Debug|Any CPU.ActiveCfg = Debug|Any CPU
		{0D53507B-C7AD-4340-8652-A97533A3AF43}.Debug|Any CPU.Build.0 = Debug|Any CPU
		{0D53507B-C7AD-4340-8652-A97533A3AF43}.Debug|x86.ActiveCfg = Debug|Any CPU
		{0D53507B-C7AD-4340-8652-A97533A3AF43}.Debug|x86.Build.0 = Debug|Any CPU
		{0D53507B-C7AD-4340-8652-A97533A3AF43}.Release|Any CPU.ActiveCfg = Release|Any CPU
		{0D53507B-C7AD-4340-8652-A97533A3AF43}.Release|Any CPU.Build.0 = Release|Any CPU
		{0D53507B-C7AD-4340-8652-A97533A3AF43}.Release|x86.ActiveCfg = Release|Any CPU
		{0D53507B-C7AD-4340-8652-A97533A3AF43}.Release|x86.Build.0 = Release|Any CPU
		{D2672BE8-EC2B-4638-A7E8-69545F9D35CA}.Debug|Any CPU.ActiveCfg = Debug|Any CPU
		{D2672BE8-EC2B-4638-A7E8-69545F9D35CA}.Debug|Any CPU.Build.0 = Debug|Any CPU
		{D2672BE8-EC2B-4638-A7E8-69545F9D35CA}.Debug|x86.ActiveCfg = Debug|Any CPU
		{D2672BE8-EC2B-4638-A7E8-69545F9D35CA}.Debug|x86.Build.0 = Debug|Any CPU
		{D2672BE8-EC2B-4638-A7E8-69545F9D35CA}.Release|Any CPU.ActiveCfg = Release|Any CPU
		{D2672BE8-EC2B-4638-A7E8-69545F9D35CA}.Release|Any CPU.Build.0 = Release|Any CPU
		{D2672BE8-EC2B-4638-A7E8-69545F9D35CA}.Release|x86.ActiveCfg = Release|Any CPU
		{D2672BE8-EC2B-4638-A7E8-69545F9D35CA}.Release|x86.Build.0 = Release|Any CPU
		{99BCA2B9-8B0A-470C-BD75-6C040F1BC059}.Debug|Any CPU.ActiveCfg = Debug|Any CPU
		{99BCA2B9-8B0A-470C-BD75-6C040F1BC059}.Debug|Any CPU.Build.0 = Debug|Any CPU
		{99BCA2B9-8B0A-470C-BD75-6C040F1BC059}.Debug|x86.ActiveCfg = Debug|Any CPU
		{99BCA2B9-8B0A-470C-BD75-6C040F1BC059}.Debug|x86.Build.0 = Debug|Any CPU
		{99BCA2B9-8B0A-470C-BD75-6C040F1BC059}.Release|Any CPU.ActiveCfg = Release|Any CPU
		{99BCA2B9-8B0A-470C-BD75-6C040F1BC059}.Release|Any CPU.Build.0 = Release|Any CPU
		{99BCA2B9-8B0A-470C-BD75-6C040F1BC059}.Release|x86.ActiveCfg = Release|Any CPU
		{99BCA2B9-8B0A-470C-BD75-6C040F1BC059}.Release|x86.Build.0 = Release|Any CPU
	EndGlobalSection
	GlobalSection(SolutionProperties) = preSolution
		HideSolutionNode = FALSE
	EndGlobalSection
	GlobalSection(NestedProjects) = preSolution
		{EC0C01B2-1305-4174-B8A9-CDB4DA9F584C} = {0C14050E-20D1-4A63-B9A9-95752258E419}
		{F3A2BB81-9E3F-4460-87FD-19EB6FA036C8} = {0C14050E-20D1-4A63-B9A9-95752258E419}
	EndGlobalSection
	GlobalSection(ExtensibilityGlobals) = postSolution
		SolutionGuid = {B5B72FDF-15B4-43C0-A4C1-18F5481CA876}
	EndGlobalSection
EndGlobal
