
Microsoft Visual Studio Solution File, Format Version 12.00
# Visual Studio Version 16
VisualStudioVersion = 16.0.31605.320
MinimumVisualStudioVersion = 10.0.40219.1
Project("{FAE04EC0-301F-11D3-BF4B-00C04F79EFBC}") = "ClearScript", "ClearScript\ClearScript.csproj", "{C7E64A36-F683-48CF-A758-27AB0486F201}"
EndProject
Project("{FAE04EC0-301F-11D3-BF4B-00C04F79EFBC}") = "Grpc", "Grpc\Grpc.csproj", "{3A4F1B55-7DE8-4610-9596-5944449DDACC}"
EndProject
Project("{2150E333-8FDC-42A3-9474-1A3956D46DE8}") = "Solution Items", "Solution Items", "{1109264E-E2A7-46D4-86EA-C8806B26E83D}"
	ProjectSection(SolutionItems) = preProject
		ReadMe.txt = ReadMe.txt
	EndProjectSection
EndProject
Project("{9A19103F-16F7-4668-BE54-9A1E7A4F7556}") = "HtmlAgilityPack.Core", "HtmlAgilityPack.Core\HtmlAgilityPack.Core.csproj", "{EC0C01B2-1305-4174-B8A9-CDB4DA9F584C}"
EndProject
Global
	GlobalSection(SolutionConfigurationPlatforms) = preSolution
		Debug|Any CPU = Debug|Any CPU
		Release|Any CPU = Release|Any CPU
	EndGlobalSection
	GlobalSection(ProjectConfigurationPlatforms) = postSolution
		{C7E64A36-F683-48CF-A758-27AB0486F201}.Debug|Any CPU.ActiveCfg = Debug|Any CPU
		{C7E64A36-F683-48CF-A758-27AB0486F201}.Debug|Any CPU.Build.0 = Debug|Any CPU
		{C7E64A36-F683-48CF-A758-27AB0486F201}.Release|Any CPU.ActiveCfg = Release|Any CPU
		{C7E64A36-F683-48CF-A758-27AB0486F201}.Release|Any CPU.Build.0 = Release|Any CPU
		{3A4F1B55-7DE8-4610-9596-5944449DDACC}.Debug|Any CPU.ActiveCfg = Debug|Any CPU
		{3A4F1B55-7DE8-4610-9596-5944449DDACC}.Debug|Any CPU.Build.0 = Debug|Any CPU
		{3A4F1B55-7DE8-4610-9596-5944449DDACC}.Release|Any CPU.ActiveCfg = Release|Any CPU
		{3A4F1B55-7DE8-4610-9596-5944449DDACC}.Release|Any CPU.Build.0 = Release|Any CPU
		{EC0C01B2-1305-4174-B8A9-CDB4DA9F584C}.Debug|Any CPU.ActiveCfg = Debug|Any CPU
		{EC0C01B2-1305-4174-B8A9-CDB4DA9F584C}.Debug|Any CPU.Build.0 = Debug|Any CPU
		{EC0C01B2-1305-4174-B8A9-CDB4DA9F584C}.Release|Any CPU.ActiveCfg = Release|Any CPU
		{EC0C01B2-1305-4174-B8A9-CDB4DA9F584C}.Release|Any CPU.Build.0 = Release|Any CPU
	EndGlobalSection
	GlobalSection(SolutionProperties) = preSolution
		HideSolutionNode = FALSE
	EndGlobalSection
	GlobalSection(ExtensibilityGlobals) = postSolution
		SolutionGuid = {B5B72FDF-15B4-43C0-A4C1-18F5481CA876}
	EndGlobalSection
EndGlobal
